
Microsoft Visual Studio Solution File, Format Version 12.00
# Visual Studio Version 17
VisualStudioVersion = 17.3.32825.248
MinimumVisualStudioVersion = 10.0.40219.1
Project("{FAE04EC0-301F-11D3-BF4B-00C04F79EFBC}") = "Qr_Code", "WindowsFormsApp1\Qr_Code.csproj", "{EF8B5FE1-3B53-42E3-AF37-FC1DCC16C1D6}"
EndProject
Global
	GlobalSection(SolutionConfigurationPlatforms) = preSolution
		Debug|Any CPU = Debug|Any CPU
		Release|Any CPU = Release|Any CPU
	EndGlobalSection
	GlobalSection(ProjectConfigurationPlatforms) = postSolution
		{EF8B5FE1-3B53-42E3-AF37-FC1DCC16C1D6}.Debug|Any CPU.ActiveCfg = Debug|Any CPU
		{EF8B5FE1-3B53-42E3-AF37-FC1DCC16C1D6}.Debug|Any CPU.Build.0 = Debug|Any CPU
		{EF8B5FE1-3B53-42E3-AF37-FC1DCC16C1D6}.Release|Any CPU.ActiveCfg = Release|Any CPU
		{EF8B5FE1-3B53-42E3-AF37-FC1DCC16C1D6}.Release|Any CPU.Build.0 = Release|Any CPU
	EndGlobalSection
	GlobalSection(SolutionProperties) = preSolution
		HideSolutionNode = FALSE
	EndGlobalSection
	GlobalSection(ExtensibilityGlobals) = postSolution
		SolutionGuid = {4427F3EA-648A-40F3-B52C-A27D6385C95F}
	EndGlobalSection
EndGlobal
